
Microsoft Visual Studio Solution File, Format Version 12.00
# Visual Studio Version 17
Project("{2150E333-8FDC-42A3-9474-1A3956D46DE8}") = "CMakePredefinedTargets", "CMakePredefinedTargets", "{3C46CABF-3789-3145-8C06-5767DE24C53C}"
EndProject
Project("{2150E333-8FDC-42A3-9474-1A3956D46DE8}") = "CTestDashboardTargets", "CTestDashboardTargets", "{7E8DDEAE-6006-30F4-AE37-E4902261B540}"
EndProject
Project("{2150E333-8FDC-42A3-9474-1A3956D46DE8}") = "GLFW3", "GLFW3", "{0007CDD0-5217-3571-8FCF-5A5E845DCB60}"
EndProject
Project("{8BC9CEB8-8B4A-11D0-8D11-00A0C91BC942}") = "ALL_BUILD", "ALL_BUILD.vcxproj", "{3F8C7732-6385-3B5F-ACE9-F67B3F552ADC}"
	ProjectSection(ProjectDependencies) = postProject
		{41CD3955-7DD4-357E-A549-58B41597FB4E} = {41CD3955-7DD4-357E-A549-58B41597FB4E}
		{FB211791-BC6B-3387-9764-23D7B6DC502F} = {FB211791-BC6B-3387-9764-23D7B6DC502F}
		{11FF434C-1E55-345A-BAFD-B21A45840F74} = {11FF434C-1E55-345A-BAFD-B21A45840F74}
		{6955E941-F614-3FE3-B3F5-171107EFCD93} = {6955E941-F614-3FE3-B3F5-171107EFCD93}
		{8d538cbe-01bf-4a2e-a98a-6c368fdf13d7} = {8d538cbe-01bf-4a2e-a98a-6c368fdf13d7}
		{8bd3552a-2cfb-4a59-ab15-2031b97ada1e} = {8bd3552a-2cfb-4a59-ab15-2031b97ada1e}
		{99529099-AC75-3640-B59D-E76732CA7579} = {99529099-AC75-3640-B59D-E76732CA7579}
		{A15C4B76-A4AE-301D-82E2-2734AB69CA99} = {A15C4B76-A4AE-301D-82E2-2734AB69CA99}
		{194840A3-F557-3E5E-99D5-468D004FEE3A} = {194840A3-F557-3E5E-99D5-468D004FEE3A}
		{E91B494A-F1EE-3A90-832C-33E897B72B55} = {E91B494A-F1EE-3A90-832C-33E897B72B55}
	EndProjectSection
EndProject
Project("{8BC9CEB8-8B4A-11D0-8D11-00A0C91BC942}") = "CaroGallery", "CaroGallery.vcxproj", "{41CD3955-7DD4-357E-A549-58B41597FB4E}"
	ProjectSection(ProjectDependencies) = postProject
		{6955E941-F614-3FE3-B3F5-171107EFCD93} = {6955E941-F614-3FE3-B3F5-171107EFCD93}
		{A15C4B76-A4AE-301D-82E2-2734AB69CA99} = {A15C4B76-A4AE-301D-82E2-2734AB69CA99}
		{194840A3-F557-3E5E-99D5-468D004FEE3A} = {194840A3-F557-3E5E-99D5-468D004FEE3A}
		{E91B494A-F1EE-3A90-832C-33E897B72B55} = {E91B494A-F1EE-3A90-832C-33E897B72B55}
	EndProjectSection
EndProject
Project("{8BC9CEB8-8B4A-11D0-8D11-00A0C91BC942}") = "CaroGame", "CaroGame.vcxproj", "{FB211791-BC6B-3387-9764-23D7B6DC502F}"
	ProjectSection(ProjectDependencies) = postProject
		{6955E941-F614-3FE3-B3F5-171107EFCD93} = {6955E941-F614-3FE3-B3F5-171107EFCD93}
		{A15C4B76-A4AE-301D-82E2-2734AB69CA99} = {A15C4B76-A4AE-301D-82E2-2734AB69CA99}
		{194840A3-F557-3E5E-99D5-468D004FEE3A} = {194840A3-F557-3E5E-99D5-468D004FEE3A}
		{E91B494A-F1EE-3A90-832C-33E897B72B55} = {E91B494A-F1EE-3A90-832C-33E897B72B55}
	EndProjectSection
EndProject
Project("{8BC9CEB8-8B4A-11D0-8D11-00A0C91BC942}") = "CaroTests", "CaroTests.vcxproj", "{11FF434C-1E55-345A-BAFD-B21A45840F74}"
	ProjectSection(ProjectDependencies) = postProject
		{8d538cbe-01bf-4a2e-a98a-6c368fdf13d7} = {8d538cbe-01bf-4a2e-a98a-6c368fdf13d7}
		{8bd3552a-2cfb-4a59-ab15-2031b97ada1e} = {8bd3552a-2cfb-4a59-ab15-2031b97ada1e}
		{99529099-AC75-3640-B59D-E76732CA7579} = {99529099-AC75-3640-B59D-E76732CA7579}
		{A15C4B76-A4AE-301D-82E2-2734AB69CA99} = {A15C4B76-A4AE-301D-82E2-2734AB69CA99}
	EndProjectSection
EndProject
Project("{8BC9CEB8-8B4A-11D0-8D11-00A0C91BC942}") = "CaroUI", "CaroUI.vcxproj", "{6955E941-F614-3FE3-B3F5-171107EFCD93}"
	ProjectSection(ProjectDependencies) = postProject
		{A15C4B76-A4AE-301D-82E2-2734AB69CA99} = {A15C4B76-A4AE-301D-82E2-2734AB69CA99}
		{194840A3-F557-3E5E-99D5-468D004FEE3A} = {194840A3-F557-3E5E-99D5-468D004FEE3A}
		{E91B494A-F1EE-3A90-832C-33E897B72B55} = {E91B494A-F1EE-3A90-832C-33E897B72B55}
	EndProjectSection
EndProject
Project("{8BC9CEB8-8B4A-11D0-8D11-00A0C91BC942}") = "Catch2", "_deps\catch2-build\src\Catch2.vcxproj", "{8d538cbe-01bf-4a2e-a98a-6c368fdf13d7}"
	ProjectSection(ProjectDependencies) = postProject
		{A15C4B76-A4AE-301D-82E2-2734AB69CA99} = {A15C4B76-A4AE-301D-82E2-2734AB69CA99}
	EndProjectSection
EndProject
Project("{8BC9CEB8-8B4A-11D0-8D11-00A0C91BC942}") = "Catch2WithMain", "_deps\catch2-build\src\Catch2WithMain.vcxproj", "{8bd3552a-2cfb-4a59-ab15-2031b97ada1e}"
	ProjectSection(ProjectDependencies) = postProject
		{8d538cbe-01bf-4a2e-a98a-6c368fdf13d7} = {8d538cbe-01bf-4a2e-a98a-6c368fdf13d7}
		{A15C4B76-A4AE-301D-82E2-2734AB69CA99} = {A15C4B76-A4AE-301D-82E2-2734AB69CA99}
	EndProjectSection
EndProject
Project("{8BC9CEB8-8B4A-11D0-8D11-00A0C91BC942}") = "Continuous", "Continuous.vcxproj", "{A2524341-3314-3699-ABB2-46F231F441C6}"
	ProjectSection(ProjectDependencies) = postProject
		{A15C4B76-A4AE-301D-82E2-2734AB69CA99} = {A15C4B76-A4AE-301D-82E2-2734AB69CA99}
	EndProjectSection
EndProject
Project("{8BC9CEB8-8B4A-11D0-8D11-00A0C91BC942}") = "Experimental", "Experimental.vcxproj", "{C93E9D27-CA84-39EA-B119-DD29E18F9391}"
	ProjectSection(ProjectDependencies) = postProject
		{A15C4B76-A4AE-301D-82E2-2734AB69CA99} = {A15C4B76-A4AE-301D-82E2-2734AB69CA99}
	EndProjectSection
EndProject
Project("{8BC9CEB8-8B4A-11D0-8D11-00A0C91BC942}") = "GameLogic", "GameLogic.vcxproj", "{99529099-AC75-3640-B59D-E76732CA7579}"
	ProjectSection(ProjectDependencies) = postProject
		{A15C4B76-A4AE-301D-82E2-2734AB69CA99} = {A15C4B76-A4AE-301D-82E2-2734AB69CA99}
	EndProjectSection
EndProject
Project("{8BC9CEB8-8B4A-11D0-8D11-00A0C91BC942}") = "INSTALL", "INSTALL.vcxproj", "{08929D17-6C74-3FDC-B318-B0BA99046B46}"
	ProjectSection(ProjectDependencies) = postProject
		{3F8C7732-6385-3B5F-ACE9-F67B3F552ADC} = {3F8C7732-6385-3B5F-ACE9-F67B3F552ADC}
		{A15C4B76-A4AE-301D-82E2-2734AB69CA99} = {A15C4B76-A4AE-301D-82E2-2734AB69CA99}
	EndProjectSection
EndProject
Project("{8BC9CEB8-8B4A-11D0-8D11-00A0C91BC942}") = "Nightly", "Nightly.vcxproj", "{641953EE-161E-39D1-8D78-5097CD3AB135}"
	ProjectSection(ProjectDependencies) = postProject
		{A15C4B76-A4AE-301D-82E2-2734AB69CA99} = {A15C4B76-A4AE-301D-82E2-2734AB69CA99}
	EndProjectSection
EndProject
Project("{8BC9CEB8-8B4A-11D0-8D11-00A0C91BC942}") = "NightlyMemoryCheck", "NightlyMemoryCheck.vcxproj", "{E76B70CC-5446-3AE5-A142-FC35640DC320}"
	ProjectSection(ProjectDependencies) = postProject
		{A15C4B76-A4AE-301D-82E2-2734AB69CA99} = {A15C4B76-A4AE-301D-82E2-2734AB69CA99}
	EndProjectSection
EndProject
Project("{8BC9CEB8-8B4A-11D0-8D11-00A0C91BC942}") = "PACKAGE", "PACKAGE.vcxproj", "{C9369394-F23A-33BD-A0D4-26A55FE34AC8}"
	ProjectSection(ProjectDependencies) = postProject
		{3F8C7732-6385-3B5F-ACE9-F67B3F552ADC} = {3F8C7732-6385-3B5F-ACE9-F67B3F552ADC}
		{A15C4B76-A4AE-301D-82E2-2734AB69CA99} = {A15C4B76-A4AE-301D-82E2-2734AB69CA99}
	EndProjectSection
EndProject
Project("{8BC9CEB8-8B4A-11D0-8D11-00A0C91BC942}") = "RUN_TESTS", "RUN_TESTS.vcxproj", "{7BF0A2C8-16F3-3421-803A-B08A3291FE15}"
	ProjectSection(ProjectDependencies) = postProject
		{A15C4B76-A4AE-301D-82E2-2734AB69CA99} = {A15C4B76-A4AE-301D-82E2-2734AB69CA99}
	EndProjectSection
EndProject
Project("{8BC9CEB8-8B4A-11D0-8D11-00A0C91BC942}") = "ZERO_CHECK", "ZERO_CHECK.vcxproj", "{A15C4B76-A4AE-301D-82E2-2734AB69CA99}"
	ProjectSection(ProjectDependencies) = postProject
	EndProjectSection
EndProject
Project("{8BC9CEB8-8B4A-11D0-8D11-00A0C91BC942}") = "glfw", "_deps\raylib-build\raylib\external\glfw\src\glfw.vcxproj", "{194840A3-F557-3E5E-99D5-468D004FEE3A}"
	ProjectSection(ProjectDependencies) = postProject
		{A15C4B76-A4AE-301D-82E2-2734AB69CA99} = {A15C4B76-A4AE-301D-82E2-2734AB69CA99}
	EndProjectSection
EndProject
Project("{8BC9CEB8-8B4A-11D0-8D11-00A0C91BC942}") = "raylib", "_deps\raylib-build\raylib\raylib.vcxproj", "{E91B494A-F1EE-3A90-832C-33E897B72B55}"
	ProjectSection(ProjectDependencies) = postProject
		{A15C4B76-A4AE-301D-82E2-2734AB69CA99} = {A15C4B76-A4AE-301D-82E2-2734AB69CA99}
		{194840A3-F557-3E5E-99D5-468D004FEE3A} = {194840A3-F557-3E5E-99D5-468D004FEE3A}
	EndProjectSection
EndProject
Project("{8BC9CEB8-8B4A-11D0-8D11-00A0C91BC942}") = "uninstall", "_deps\raylib-build\uninstall.vcxproj", "{90495CE3-990A-3C0F-AB55-722388FB1766}"
	ProjectSection(ProjectDependencies) = postProject
		{A15C4B76-A4AE-301D-82E2-2734AB69CA99} = {A15C4B76-A4AE-301D-82E2-2734AB69CA99}
	EndProjectSection
EndProject
Project("{8BC9CEB8-8B4A-11D0-8D11-00A0C91BC942}") = "update_mappings", "_deps\raylib-build\raylib\external\glfw\src\update_mappings.vcxproj", "{8120690C-3145-355A-91D1-1D5EC99EF7FB}"
	ProjectSection(ProjectDependencies) = postProject
		{A15C4B76-A4AE-301D-82E2-2734AB69CA99} = {A15C4B76-A4AE-301D-82E2-2734AB69CA99}
	EndProjectSection
EndProject
Global
	GlobalSection(SolutionConfigurationPlatforms) = preSolution
		Debug|x64 = Debug|x64
		Release|x64 = Release|x64
		MinSizeRel|x64 = MinSizeRel|x64
		RelWithDebInfo|x64 = RelWithDebInfo|x64
	EndGlobalSection
	GlobalSection(ProjectConfigurationPlatforms) = postSolution
		{3F8C7732-6385-3B5F-ACE9-F67B3F552ADC}.Debug|x64.ActiveCfg = Debug|x64
		{3F8C7732-6385-3B5F-ACE9-F67B3F552ADC}.Debug|x64.Build.0 = Debug|x64
		{3F8C7732-6385-3B5F-ACE9-F67B3F552ADC}.Release|x64.ActiveCfg = Release|x64
		{3F8C7732-6385-3B5F-ACE9-F67B3F552ADC}.Release|x64.Build.0 = Release|x64
		{3F8C7732-6385-3B5F-ACE9-F67B3F552ADC}.MinSizeRel|x64.ActiveCfg = MinSizeRel|x64
		{3F8C7732-6385-3B5F-ACE9-F67B3F552ADC}.MinSizeRel|x64.Build.0 = MinSizeRel|x64
		{3F8C7732-6385-3B5F-ACE9-F67B3F552ADC}.RelWithDebInfo|x64.ActiveCfg = RelWithDebInfo|x64
		{3F8C7732-6385-3B5F-ACE9-F67B3F552ADC}.RelWithDebInfo|x64.Build.0 = RelWithDebInfo|x64
		{41CD3955-7DD4-357E-A549-58B41597FB4E}.Debug|x64.ActiveCfg = Debug|x64
		{41CD3955-7DD4-357E-A549-58B41597FB4E}.Debug|x64.Build.0 = Debug|x64
		{41CD3955-7DD4-357E-A549-58B41597FB4E}.Release|x64.ActiveCfg = Release|x64
		{41CD3955-7DD4-357E-A549-58B41597FB4E}.Release|x64.Build.0 = Release|x64
		{41CD3955-7DD4-357E-A549-58B41597FB4E}.MinSizeRel|x64.ActiveCfg = MinSizeRel|x64
		{41CD3955-7DD4-357E-A549-58B41597FB4E}.MinSizeRel|x64.Build.0 = MinSizeRel|x64
		{41CD3955-7DD4-357E-A549-58B41597FB4E}.RelWithDebInfo|x64.ActiveCfg = RelWithDebInfo|x64
		{41CD3955-7DD4-357E-A549-58B41597FB4E}.RelWithDebInfo|x64.Build.0 = RelWithDebInfo|x64
		{FB211791-BC6B-3387-9764-23D7B6DC502F}.Debug|x64.ActiveCfg = Debug|x64
		{FB211791-BC6B-3387-9764-23D7B6DC502F}.Debug|x64.Build.0 = Debug|x64
		{FB211791-BC6B-3387-9764-23D7B6DC502F}.Release|x64.ActiveCfg = Release|x64
		{FB211791-BC6B-3387-9764-23D7B6DC502F}.Release|x64.Build.0 = Release|x64
		{FB211791-BC6B-3387-9764-23D7B6DC502F}.MinSizeRel|x64.ActiveCfg = MinSizeRel|x64
		{FB211791-BC6B-3387-9764-23D7B6DC502F}.MinSizeRel|x64.Build.0 = MinSizeRel|x64
		{FB211791-BC6B-3387-9764-23D7B6DC502F}.RelWithDebInfo|x64.ActiveCfg = RelWithDebInfo|x64
		{FB211791-BC6B-3387-9764-23D7B6DC502F}.RelWithDebInfo|x64.Build.0 = RelWithDebInfo|x64
		{11FF434C-1E55-345A-BAFD-B21A45840F74}.Debug|x64.ActiveCfg = Debug|x64
		{11FF434C-1E55-345A-BAFD-B21A45840F74}.Debug|x64.Build.0 = Debug|x64
		{11FF434C-1E55-345A-BAFD-B21A45840F74}.Release|x64.ActiveCfg = Release|x64
		{11FF434C-1E55-345A-BAFD-B21A45840F74}.Release|x64.Build.0 = Release|x64
		{11FF434C-1E55-345A-BAFD-B21A45840F74}.MinSizeRel|x64.ActiveCfg = MinSizeRel|x64
		{11FF434C-1E55-345A-BAFD-B21A45840F74}.MinSizeRel|x64.Build.0 = MinSizeRel|x64
		{11FF434C-1E55-345A-BAFD-B21A45840F74}.RelWithDebInfo|x64.ActiveCfg = RelWithDebInfo|x64
		{11FF434C-1E55-345A-BAFD-B21A45840F74}.RelWithDebInfo|x64.Build.0 = RelWithDebInfo|x64
		{6955E941-F614-3FE3-B3F5-171107EFCD93}.Debug|x64.ActiveCfg = Debug|x64
		{6955E941-F614-3FE3-B3F5-171107EFCD93}.Debug|x64.Build.0 = Debug|x64
		{6955E941-F614-3FE3-B3F5-171107EFCD93}.Release|x64.ActiveCfg = Release|x64
		{6955E941-F614-3FE3-B3F5-171107EFCD93}.Release|x64.Build.0 = Release|x64
		{6955E941-F614-3FE3-B3F5-171107EFCD93}.MinSizeRel|x64.ActiveCfg = MinSizeRel|x64
		{6955E941-F614-3FE3-B3F5-171107EFCD93}.MinSizeRel|x64.Build.0 = MinSizeRel|x64
		{6955E941-F614-3FE3-B3F5-171107EFCD93}.RelWithDebInfo|x64.ActiveCfg = RelWithDebInfo|x64
		{6955E941-F614-3FE3-B3F5-171107EFCD93}.RelWithDebInfo|x64.Build.0 = RelWithDebInfo|x64
		{8d538cbe-01bf-4a2e-a98a-6c368fdf13d7}.Debug|x64.ActiveCfg = Debug|x64
		{8d538cbe-01bf-4a2e-a98a-6c368fdf13d7}.Debug|x64.Build.0 = Debug|x64
		{8d538cbe-01bf-4a2e-a98a-6c368fdf13d7}.Release|x64.ActiveCfg = Release|x64
		{8d538cbe-01bf-4a2e-a98a-6c368fdf13d7}.Release|x64.Build.0 = Release|x64
		{8d538cbe-01bf-4a2e-a98a-6c368fdf13d7}.MinSizeRel|x64.ActiveCfg = MinSizeRel|x64
		{8d538cbe-01bf-4a2e-a98a-6c368fdf13d7}.MinSizeRel|x64.Build.0 = MinSizeRel|x64
		{8d538cbe-01bf-4a2e-a98a-6c368fdf13d7}.RelWithDebInfo|x64.ActiveCfg = RelWithDebInfo|x64
		{8d538cbe-01bf-4a2e-a98a-6c368fdf13d7}.RelWithDebInfo|x64.Build.0 = RelWithDebInfo|x64
		{8bd3552a-2cfb-4a59-ab15-2031b97ada1e}.Debug|x64.ActiveCfg = Debug|x64
		{8bd3552a-2cfb-4a59-ab15-2031b97ada1e}.Debug|x64.Build.0 = Debug|x64
		{8bd3552a-2cfb-4a59-ab15-2031b97ada1e}.Release|x64.ActiveCfg = Release|x64
		{8bd3552a-2cfb-4a59-ab15-2031b97ada1e}.Release|x64.Build.0 = Release|x64
		{8bd3552a-2cfb-4a59-ab15-2031b97ada1e}.MinSizeRel|x64.ActiveCfg = MinSizeRel|x64
		{8bd3552a-2cfb-4a59-ab15-2031b97ada1e}.MinSizeRel|x64.Build.0 = MinSizeRel|x64
		{8bd3552a-2cfb-4a59-ab15-2031b97ada1e}.RelWithDebInfo|x64.ActiveCfg = RelWithDebInfo|x64
		{8bd3552a-2cfb-4a59-ab15-2031b97ada1e}.RelWithDebInfo|x64.Build.0 = RelWithDebInfo|x64
		{A2524341-3314-3699-ABB2-46F231F441C6}.Debug|x64.ActiveCfg = Debug|x64
		{A2524341-3314-3699-ABB2-46F231F441C6}.Release|x64.ActiveCfg = Release|x64
		{A2524341-3314-3699-ABB2-46F231F441C6}.MinSizeRel|x64.ActiveCfg = MinSizeRel|x64
		{A2524341-3314-3699-ABB2-46F231F441C6}.RelWithDebInfo|x64.ActiveCfg = RelWithDebInfo|x64
		{C93E9D27-CA84-39EA-B119-DD29E18F9391}.Debug|x64.ActiveCfg = Debug|x64
		{C93E9D27-CA84-39EA-B119-DD29E18F9391}.Release|x64.ActiveCfg = Release|x64
		{C93E9D27-CA84-39EA-B119-DD29E18F9391}.MinSizeRel|x64.ActiveCfg = MinSizeRel|x64
		{C93E9D27-CA84-39EA-B119-DD29E18F9391}.RelWithDebInfo|x64.ActiveCfg = RelWithDebInfo|x64
		{99529099-AC75-3640-B59D-E76732CA7579}.Debug|x64.ActiveCfg = Debug|x64
		{99529099-AC75-3640-B59D-E76732CA7579}.Debug|x64.Build.0 = Debug|x64
		{99529099-AC75-3640-B59D-E76732CA7579}.Release|x64.ActiveCfg = Release|x64
		{99529099-AC75-3640-B59D-E76732CA7579}.Release|x64.Build.0 = Release|x64
		{99529099-AC75-3640-B59D-E76732CA7579}.MinSizeRel|x64.ActiveCfg = MinSizeRel|x64
		{99529099-AC75-3640-B59D-E76732CA7579}.MinSizeRel|x64.Build.0 = MinSizeRel|x64
		{99529099-AC75-3640-B59D-E76732CA7579}.RelWithDebInfo|x64.ActiveCfg = RelWithDebInfo|x64
		{99529099-AC75-3640-B59D-E76732CA7579}.RelWithDebInfo|x64.Build.0 = RelWithDebInfo|x64
		{08929D17-6C74-3FDC-B318-B0BA99046B46}.Debug|x64.ActiveCfg = Debug|x64
		{08929D17-6C74-3FDC-B318-B0BA99046B46}.Release|x64.ActiveCfg = Release|x64
		{08929D17-6C74-3FDC-B318-B0BA99046B46}.MinSizeRel|x64.ActiveCfg = MinSizeRel|x64
		{08929D17-6C74-3FDC-B318-B0BA99046B46}.RelWithDebInfo|x64.ActiveCfg = RelWithDebInfo|x64
		{641953EE-161E-39D1-8D78-5097CD3AB135}.Debug|x64.ActiveCfg = Debug|x64
		{641953EE-161E-39D1-8D78-5097CD3AB135}.Release|x64.ActiveCfg = Release|x64
		{641953EE-161E-39D1-8D78-5097CD3AB135}.MinSizeRel|x64.ActiveCfg = MinSizeRel|x64
		{641953EE-161E-39D1-8D78-5097CD3AB135}.RelWithDebInfo|x64.ActiveCfg = RelWithDebInfo|x64
		{E76B70CC-5446-3AE5-A142-FC35640DC320}.Debug|x64.ActiveCfg = Debug|x64
		{E76B70CC-5446-3AE5-A142-FC35640DC320}.Release|x64.ActiveCfg = Release|x64
		{E76B70CC-5446-3AE5-A142-FC35640DC320}.MinSizeRel|x64.ActiveCfg = MinSizeRel|x64
		{E76B70CC-5446-3AE5-A142-FC35640DC320}.RelWithDebInfo|x64.ActiveCfg = RelWithDebInfo|x64
		{C9369394-F23A-33BD-A0D4-26A55FE34AC8}.Debug|x64.ActiveCfg = Debug|x64
		{C9369394-F23A-33BD-A0D4-26A55FE34AC8}.Release|x64.ActiveCfg = Release|x64
		{C9369394-F23A-33BD-A0D4-26A55FE34AC8}.MinSizeRel|x64.ActiveCfg = MinSizeRel|x64
		{C9369394-F23A-33BD-A0D4-26A55FE34AC8}.RelWithDebInfo|x64.ActiveCfg = RelWithDebInfo|x64
		{7BF0A2C8-16F3-3421-803A-B08A3291FE15}.Debug|x64.ActiveCfg = Debug|x64
		{7BF0A2C8-16F3-3421-803A-B08A3291FE15}.Release|x64.ActiveCfg = Release|x64
		{7BF0A2C8-16F3-3421-803A-B08A3291FE15}.MinSizeRel|x64.ActiveCfg = MinSizeRel|x64
		{7BF0A2C8-16F3-3421-803A-B08A3291FE15}.RelWithDebInfo|x64.ActiveCfg = RelWithDebInfo|x64
		{A15C4B76-A4AE-301D-82E2-2734AB69CA99}.Debug|x64.ActiveCfg = Debug|x64
		{A15C4B76-A4AE-301D-82E2-2734AB69CA99}.Debug|x64.Build.0 = Debug|x64
		{A15C4B76-A4AE-301D-82E2-2734AB69CA99}.Release|x64.ActiveCfg = Release|x64
		{A15C4B76-A4AE-301D-82E2-2734AB69CA99}.Release|x64.Build.0 = Release|x64
		{A15C4B76-A4AE-301D-82E2-2734AB69CA99}.MinSizeRel|x64.ActiveCfg = MinSizeRel|x64
		{A15C4B76-A4AE-301D-82E2-2734AB69CA99}.MinSizeRel|x64.Build.0 = MinSizeRel|x64
		{A15C4B76-A4AE-301D-82E2-2734AB69CA99}.RelWithDebInfo|x64.ActiveCfg = RelWithDebInfo|x64
		{A15C4B76-A4AE-301D-82E2-2734AB69CA99}.RelWithDebInfo|x64.Build.0 = RelWithDebInfo|x64
		{194840A3-F557-3E5E-99D5-468D004FEE3A}.Debug|x64.ActiveCfg = Debug|x64
		{194840A3-F557-3E5E-99D5-468D004FEE3A}.Debug|x64.Build.0 = Debug|x64
		{194840A3-F557-3E5E-99D5-468D004FEE3A}.Release|x64.ActiveCfg = Release|x64
		{194840A3-F557-3E5E-99D5-468D004FEE3A}.Release|x64.Build.0 = Release|x64
		{194840A3-F557-3E5E-99D5-468D004FEE3A}.MinSizeRel|x64.ActiveCfg = MinSizeRel|x64
		{194840A3-F557-3E5E-99D5-468D004FEE3A}.MinSizeRel|x64.Build.0 = MinSizeRel|x64
		{194840A3-F557-3E5E-99D5-468D004FEE3A}.RelWithDebInfo|x64.ActiveCfg = RelWithDebInfo|x64
		{194840A3-F557-3E5E-99D5-468D004FEE3A}.RelWithDebInfo|x64.Build.0 = RelWithDebInfo|x64
		{E91B494A-F1EE-3A90-832C-33E897B72B55}.Debug|x64.ActiveCfg = Debug|x64
		{E91B494A-F1EE-3A90-832C-33E897B72B55}.Debug|x64.Build.0 = Debug|x64
		{E91B494A-F1EE-3A90-832C-33E897B72B55}.Release|x64.ActiveCfg = Release|x64
		{E91B494A-F1EE-3A90-832C-33E897B72B55}.Release|x64.Build.0 = Release|x64
		{E91B494A-F1EE-3A90-832C-33E897B72B55}.MinSizeRel|x64.ActiveCfg = MinSizeRel|x64
		{E91B494A-F1EE-3A90-832C-33E897B72B55}.MinSizeRel|x64.Build.0 = MinSizeRel|x64
		{E91B494A-F1EE-3A90-832C-33E897B72B55}.RelWithDebInfo|x64.ActiveCfg = RelWithDebInfo|x64
		{E91B494A-F1EE-3A90-832C-33E897B72B55}.RelWithDebInfo|x64.Build.0 = RelWithDebInfo|x64
		{90495CE3-990A-3C0F-AB55-722388FB1766}.Debug|x64.ActiveCfg = Debug|x64
		{90495CE3-990A-3C0F-AB55-722388FB1766}.Release|x64.ActiveCfg = Release|x64
		{90495CE3-990A-3C0F-AB55-722388FB1766}.MinSizeRel|x64.ActiveCfg = MinSizeRel|x64
		{90495CE3-990A-3C0F-AB55-722388FB1766}.RelWithDebInfo|x64.ActiveCfg = RelWithDebInfo|x64
		{8120690C-3145-355A-91D1-1D5EC99EF7FB}.Debug|x64.ActiveCfg = Debug|x64
		{8120690C-3145-355A-91D1-1D5EC99EF7FB}.Release|x64.ActiveCfg = Release|x64
		{8120690C-3145-355A-91D1-1D5EC99EF7FB}.MinSizeRel|x64.ActiveCfg = MinSizeRel|x64
		{8120690C-3145-355A-91D1-1D5EC99EF7FB}.RelWithDebInfo|x64.ActiveCfg = RelWithDebInfo|x64
	EndGlobalSection
	GlobalSection(NestedProjects) = preSolution
		{3F8C7732-6385-3B5F-ACE9-F67B3F552ADC} = {3C46CABF-3789-3145-8C06-5767DE24C53C}
		{08929D17-6C74-3FDC-B318-B0BA99046B46} = {3C46CABF-3789-3145-8C06-5767DE24C53C}
		{C9369394-F23A-33BD-A0D4-26A55FE34AC8} = {3C46CABF-3789-3145-8C06-5767DE24C53C}
		{7BF0A2C8-16F3-3421-803A-B08A3291FE15} = {3C46CABF-3789-3145-8C06-5767DE24C53C}
		{A15C4B76-A4AE-301D-82E2-2734AB69CA99} = {3C46CABF-3789-3145-8C06-5767DE24C53C}
		{A2524341-3314-3699-ABB2-46F231F441C6} = {7E8DDEAE-6006-30F4-AE37-E4902261B540}
		{C93E9D27-CA84-39EA-B119-DD29E18F9391} = {7E8DDEAE-6006-30F4-AE37-E4902261B540}
		{641953EE-161E-39D1-8D78-5097CD3AB135} = {7E8DDEAE-6006-30F4-AE37-E4902261B540}
		{E76B70CC-5446-3AE5-A142-FC35640DC320} = {7E8DDEAE-6006-30F4-AE37-E4902261B540}
		{194840A3-F557-3E5E-99D5-468D004FEE3A} = {0007CDD0-5217-3571-8FCF-5A5E845DCB60}
		{8120690C-3145-355A-91D1-1D5EC99EF7FB} = {0007CDD0-5217-3571-8FCF-5A5E845DCB60}
	EndGlobalSection
	GlobalSection(ExtensibilityGlobals) = postSolution
		SolutionGuid = {9497602F-C4F7-3322-8560-EE0AE843459A}
	EndGlobalSection
	GlobalSection(ExtensibilityAddIns) = postSolution
	EndGlobalSection
EndGlobal
